
Microsoft Visual Studio Solution File, Format Version 12.00
# Visual Studio Version 17
VisualStudioVersion = 17.1.32203.90
MinimumVisualStudioVersion = 10.0.40219.1
Project("{FAE04EC0-301F-11D3-BF4B-00C04F79EFBC}") = "PerpustakaanApi", "PerpustakaanApi\PerpustakaanApi.csproj", "{F6899F6E-FA23-4A58-8725-9195F965F54A}"
EndProject
Global
	GlobalSection(SolutionConfigurationPlatforms) = preSolution
		Debug|Any CPU = Debug|Any CPU
		Release|Any CPU = Release|Any CPU
	EndGlobalSection
	GlobalSection(ProjectConfigurationPlatforms) = postSolution
		{F6899F6E-FA23-4A58-8725-9195F965F54A}.Debug|Any CPU.ActiveCfg = Debug|Any CPU
		{F6899F6E-FA23-4A58-8725-9195F965F54A}.Debug|Any CPU.Build.0 = Debug|Any CPU
		{F6899F6E-FA23-4A58-8725-9195F965F54A}.Release|Any CPU.ActiveCfg = Release|Any CPU
		{F6899F6E-FA23-4A58-8725-9195F965F54A}.Release|Any CPU.Build.0 = Release|Any CPU
	EndGlobalSection
	GlobalSection(SolutionProperties) = preSolution
		HideSolutionNode = FALSE
	EndGlobalSection
	GlobalSection(ExtensibilityGlobals) = postSolution
		SolutionGuid = {596CEFCD-0284-4CE7-A209-28991B787297}
	EndGlobalSection
EndGlobal
